
Microsoft Visual Studio Solution File, Format Version 12.00
# Visual Studio Version 18
VisualStudioVersion = 18.0.11111.16
MinimumVisualStudioVersion = 10.0.40219.1
Project("{9A19103F-16F7-4668-BE54-9A1E7A4F7556}") = "AspNetCore.Simple.MsTest.Sdk", "src\AspNetCore.Simple.MsTest.Sdk\AspNetCore.Simple.MsTest.Sdk.csproj", "{44DC47AF-8B70-49E5-9CAC-90A9163E455E}"
EndProject
Project("{2150E333-8FDC-42A3-9474-1A3956D46DE8}") = "Solution Items", "Solution Items", "{4DF46A53-36E3-4F98-A658-736CB16DDF66}"
	ProjectSection(SolutionItems) = preProject
		.editorconfig = .editorconfig
		Directory.Build.props = Directory.Build.props
	EndProjectSection
EndProject
Project("{2150E333-8FDC-42A3-9474-1A3956D46DE8}") = "CICD", "CICD", "{AB505E12-131B-4AEC-8ECF-CA77959F02B6}"
	ProjectSection(SolutionItems) = preProject
		azure-pipelines.yml = azure-pipelines.yml
	EndProjectSection
EndProject
Project("{2150E333-8FDC-42A3-9474-1A3956D46DE8}") = "Doc", "Doc", "{E02E5A70-4C4F-4DB9-8E02-6315FD1E2FAB}"
	ProjectSection(SolutionItems) = preProject
		readme.md = readme.md
	EndProjectSection
EndProject
Project("{2150E333-8FDC-42A3-9474-1A3956D46DE8}") = "Git", "Git", "{FC97D859-976C-41DB-A766-D3CDAC064816}"
	ProjectSection(SolutionItems) = preProject
		GitVersion.yml = GitVersion.yml
	EndProjectSection
EndProject
Project("{2150E333-8FDC-42A3-9474-1A3956D46DE8}") = "Nuget", "Nuget", "{6E07E5DC-ADA0-4C58-B557-6E41E2E23976}"
	ProjectSection(SolutionItems) = preProject
		Directory.Packages.props = Directory.Packages.props
	EndProjectSection
EndProject
Project("{FAE04EC0-301F-11D3-BF4B-00C04F79EFBC}") = "Controllers.Test", "src\Controllers.Test\Controllers.Test.csproj", "{2C1B9E69-17FA-5FB6-32B7-37EE10C6395A}"
EndProject
Project("{FAE04EC0-301F-11D3-BF4B-00C04F79EFBC}") = "Controllers", "src\Controllers\Controllers.csproj", "{BD0F153D-11DA-5F2D-DE62-532EF8F86C5C}"
EndProject
Project("{2150E333-8FDC-42A3-9474-1A3956D46DE8}") = "Controller", "Controller", "{918A3963-F48D-496D-8BE0-6989A4456360}"
EndProject
Project("{2150E333-8FDC-42A3-9474-1A3956D46DE8}") = "MinimalApi", "MinimalApi", "{C2639F37-5BC2-4F77-B017-3B361053E1C5}"
EndProject
Project("{FAE04EC0-301F-11D3-BF4B-00C04F79EFBC}") = "MinimalApi", "src\MinimalApi\MinimalApi.csproj", "{A0345964-726D-87B9-2730-3E81BE9EE41F}"
EndProject
Project("{FAE04EC0-301F-11D3-BF4B-00C04F79EFBC}") = "MinimalApi.Test", "src\MinimalApi.Test\MinimalApi.Test.csproj", "{36845865-485D-1212-F9C8-90699669B87F}"
EndProject
Global
	GlobalSection(SolutionConfigurationPlatforms) = preSolution
		Debug|Any CPU = Debug|Any CPU
		Release|Any CPU = Release|Any CPU
	EndGlobalSection
	GlobalSection(ProjectConfigurationPlatforms) = postSolution
		{44DC47AF-8B70-49E5-9CAC-90A9163E455E}.Debug|Any CPU.ActiveCfg = Debug|Any CPU
		{44DC47AF-8B70-49E5-9CAC-90A9163E455E}.Debug|Any CPU.Build.0 = Debug|Any CPU
		{44DC47AF-8B70-49E5-9CAC-90A9163E455E}.Release|Any CPU.ActiveCfg = Release|Any CPU
		{44DC47AF-8B70-49E5-9CAC-90A9163E455E}.Release|Any CPU.Build.0 = Release|Any CPU
		{2C1B9E69-17FA-5FB6-32B7-37EE10C6395A}.Debug|Any CPU.ActiveCfg = Debug|Any CPU
		{2C1B9E69-17FA-5FB6-32B7-37EE10C6395A}.Debug|Any CPU.Build.0 = Debug|Any CPU
		{2C1B9E69-17FA-5FB6-32B7-37EE10C6395A}.Release|Any CPU.ActiveCfg = Release|Any CPU
		{2C1B9E69-17FA-5FB6-32B7-37EE10C6395A}.Release|Any CPU.Build.0 = Release|Any CPU
		{BD0F153D-11DA-5F2D-DE62-532EF8F86C5C}.Debug|Any CPU.ActiveCfg = Debug|Any CPU
		{BD0F153D-11DA-5F2D-DE62-532EF8F86C5C}.Debug|Any CPU.Build.0 = Debug|Any CPU
		{BD0F153D-11DA-5F2D-DE62-532EF8F86C5C}.Release|Any CPU.ActiveCfg = Release|Any CPU
		{BD0F153D-11DA-5F2D-DE62-532EF8F86C5C}.Release|Any CPU.Build.0 = Release|Any CPU
		{A0345964-726D-87B9-2730-3E81BE9EE41F}.Debug|Any CPU.ActiveCfg = Debug|Any CPU
		{A0345964-726D-87B9-2730-3E81BE9EE41F}.Debug|Any CPU.Build.0 = Debug|Any CPU
		{A0345964-726D-87B9-2730-3E81BE9EE41F}.Release|Any CPU.ActiveCfg = Release|Any CPU
		{A0345964-726D-87B9-2730-3E81BE9EE41F}.Release|Any CPU.Build.0 = Release|Any CPU
		{36845865-485D-1212-F9C8-90699669B87F}.Debug|Any CPU.ActiveCfg = Debug|Any CPU
		{36845865-485D-1212-F9C8-90699669B87F}.Debug|Any CPU.Build.0 = Debug|Any CPU
		{36845865-485D-1212-F9C8-90699669B87F}.Release|Any CPU.ActiveCfg = Release|Any CPU
		{36845865-485D-1212-F9C8-90699669B87F}.Release|Any CPU.Build.0 = Release|Any CPU
	EndGlobalSection
	GlobalSection(SolutionProperties) = preSolution
		HideSolutionNode = FALSE
	EndGlobalSection
	GlobalSection(NestedProjects) = preSolution
		{2C1B9E69-17FA-5FB6-32B7-37EE10C6395A} = {918A3963-F48D-496D-8BE0-6989A4456360}
		{BD0F153D-11DA-5F2D-DE62-532EF8F86C5C} = {918A3963-F48D-496D-8BE0-6989A4456360}
		{A0345964-726D-87B9-2730-3E81BE9EE41F} = {C2639F37-5BC2-4F77-B017-3B361053E1C5}
		{36845865-485D-1212-F9C8-90699669B87F} = {C2639F37-5BC2-4F77-B017-3B361053E1C5}
	EndGlobalSection
	GlobalSection(ExtensibilityGlobals) = postSolution
		SolutionGuid = {2D4939EF-E02D-4FBC-A5F2-BBC4FFAA8A13}
	EndGlobalSection
EndGlobal
