
Microsoft Visual Studio Solution File, Format Version 12.00
# Visual Studio Version 16
VisualStudioVersion = 16.6.30114.105
MinimumVisualStudioVersion = 10.0.40219.1
Project("{9A19103F-16F7-4668-BE54-9A1E7A4F7556}") = "AspNetCore.Simple.MsTest.Sdk", "src\AspNetCore.Simple.MsTest.Sdk\AspNetCore.Simple.MsTest.Sdk.csproj", "{44DC47AF-8B70-49E5-9CAC-90A9163E455E}"
EndProject
Project("{2150E333-8FDC-42A3-9474-1A3956D46DE8}") = "Solution Items", "Solution Items", "{4DF46A53-36E3-4F98-A658-736CB16DDF66}"
	ProjectSection(SolutionItems) = preProject
		.editorconfig = .editorconfig
	EndProjectSection
EndProject
Global
	GlobalSection(SolutionConfigurationPlatforms) = preSolution
		Debug|Any CPU = Debug|Any CPU
		Release|Any CPU = Release|Any CPU
	EndGlobalSection
	GlobalSection(ProjectConfigurationPlatforms) = postSolution
		{44DC47AF-8B70-49E5-9CAC-90A9163E455E}.Debug|Any CPU.ActiveCfg = Debug|Any CPU
		{44DC47AF-8B70-49E5-9CAC-90A9163E455E}.Debug|Any CPU.Build.0 = Debug|Any CPU
		{44DC47AF-8B70-49E5-9CAC-90A9163E455E}.Release|Any CPU.ActiveCfg = Release|Any CPU
		{44DC47AF-8B70-49E5-9CAC-90A9163E455E}.Release|Any CPU.Build.0 = Release|Any CPU
	EndGlobalSection
	GlobalSection(SolutionProperties) = preSolution
		HideSolutionNode = FALSE
	EndGlobalSection
	GlobalSection(ExtensibilityGlobals) = postSolution
		SolutionGuid = {2D4939EF-E02D-4FBC-A5F2-BBC4FFAA8A13}
	EndGlobalSection
EndGlobal
